
Microsoft Visual Studio Solution File, Format Version 12.00
# Visual Studio Version 17
VisualStudioVersion = 17.9.34622.214
MinimumVisualStudioVersion = 10.0.40219.1
Project("{9A19103F-16F7-4668-BE54-9A1E7A4F7556}") = "1. USD to BGN", "01.3 PB-CSharp-First-Steps-in-Coding-Exercise\1. USD to BGN.csproj", "{4D24AC6C-2761-4DAB-9C04-979C95B30A14}"
EndProject
Project("{9A19103F-16F7-4668-BE54-9A1E7A4F7556}") = "2. Radians to Degrees", "2. Radians to Degrees\2. Radians to Degrees.csproj", "{AB8B5D6F-08F6-4DC3-B9FA-F2E3E4A62091}"
EndProject
Project("{9A19103F-16F7-4668-BE54-9A1E7A4F7556}") = "3. Deposit Calculator", "3. Deposit Calculator\3. Deposit Calculator.csproj", "{78AC7B86-9112-49F4-87F4-D1EE0514D20A}"
EndProject
Project("{9A19103F-16F7-4668-BE54-9A1E7A4F7556}") = "4. Vacation Books List", "4. Vacation Books List\4. Vacation Books List.csproj", "{51587371-FA73-4867-8A9A-BB59B72DDC81}"
EndProject
Project("{9A19103F-16F7-4668-BE54-9A1E7A4F7556}") = "5. Supplies for School", "5. Supplies for School\5. Supplies for School.csproj", "{1D31F803-EDFE-4326-A19B-CBED8FEDA910}"
EndProject
Project("{9A19103F-16F7-4668-BE54-9A1E7A4F7556}") = "6. Repainting", "6. Repainting\6. Repainting.csproj", "{54D6296D-A740-406E-B6AA-B95727A9842E}"
EndProject
Project("{9A19103F-16F7-4668-BE54-9A1E7A4F7556}") = "7. Food Delivery", "7. Food Delivery\7. Food Delivery.csproj", "{5480D226-6584-4518-BD47-82543E589B74}"
EndProject
Project("{9A19103F-16F7-4668-BE54-9A1E7A4F7556}") = "8. Basketball Equipment", "8. Basketball Equipment\8. Basketball Equipment.csproj", "{CFD095F2-B2C1-4D2D-A8E1-9923091FD287}"
EndProject
Project("{FAE04EC0-301F-11D3-BF4B-00C04F79EFBC}") = "9. Fish Tank", "9. Fish Tank\9. Fish Tank.csproj", "{B99008CC-BB7E-4E50-9227-5932E3CB2E59}"
EndProject
Global
	GlobalSection(SolutionConfigurationPlatforms) = preSolution
		Debug|Any CPU = Debug|Any CPU
		Release|Any CPU = Release|Any CPU
	EndGlobalSection
	GlobalSection(ProjectConfigurationPlatforms) = postSolution
		{4D24AC6C-2761-4DAB-9C04-979C95B30A14}.Debug|Any CPU.ActiveCfg = Debug|Any CPU
		{4D24AC6C-2761-4DAB-9C04-979C95B30A14}.Debug|Any CPU.Build.0 = Debug|Any CPU
		{4D24AC6C-2761-4DAB-9C04-979C95B30A14}.Release|Any CPU.ActiveCfg = Release|Any CPU
		{4D24AC6C-2761-4DAB-9C04-979C95B30A14}.Release|Any CPU.Build.0 = Release|Any CPU
		{AB8B5D6F-08F6-4DC3-B9FA-F2E3E4A62091}.Debug|Any CPU.ActiveCfg = Debug|Any CPU
		{AB8B5D6F-08F6-4DC3-B9FA-F2E3E4A62091}.Debug|Any CPU.Build.0 = Debug|Any CPU
		{AB8B5D6F-08F6-4DC3-B9FA-F2E3E4A62091}.Release|Any CPU.ActiveCfg = Release|Any CPU
		{AB8B5D6F-08F6-4DC3-B9FA-F2E3E4A62091}.Release|Any CPU.Build.0 = Release|Any CPU
		{78AC7B86-9112-49F4-87F4-D1EE0514D20A}.Debug|Any CPU.ActiveCfg = Debug|Any CPU
		{78AC7B86-9112-49F4-87F4-D1EE0514D20A}.Debug|Any CPU.Build.0 = Debug|Any CPU
		{78AC7B86-9112-49F4-87F4-D1EE0514D20A}.Release|Any CPU.ActiveCfg = Release|Any CPU
		{78AC7B86-9112-49F4-87F4-D1EE0514D20A}.Release|Any CPU.Build.0 = Release|Any CPU
		{51587371-FA73-4867-8A9A-BB59B72DDC81}.Debug|Any CPU.ActiveCfg = Debug|Any CPU
		{51587371-FA73-4867-8A9A-BB59B72DDC81}.Debug|Any CPU.Build.0 = Debug|Any CPU
		{51587371-FA73-4867-8A9A-BB59B72DDC81}.Release|Any CPU.ActiveCfg = Release|Any CPU
		{51587371-FA73-4867-8A9A-BB59B72DDC81}.Release|Any CPU.Build.0 = Release|Any CPU
		{1D31F803-EDFE-4326-A19B-CBED8FEDA910}.Debug|Any CPU.ActiveCfg = Debug|Any CPU
		{1D31F803-EDFE-4326-A19B-CBED8FEDA910}.Debug|Any CPU.Build.0 = Debug|Any CPU
		{1D31F803-EDFE-4326-A19B-CBED8FEDA910}.Release|Any CPU.ActiveCfg = Release|Any CPU
		{1D31F803-EDFE-4326-A19B-CBED8FEDA910}.Release|Any CPU.Build.0 = Release|Any CPU
		{54D6296D-A740-406E-B6AA-B95727A9842E}.Debug|Any CPU.ActiveCfg = Debug|Any CPU
		{54D6296D-A740-406E-B6AA-B95727A9842E}.Debug|Any CPU.Build.0 = Debug|Any CPU
		{54D6296D-A740-406E-B6AA-B95727A9842E}.Release|Any CPU.ActiveCfg = Release|Any CPU
		{54D6296D-A740-406E-B6AA-B95727A9842E}.Release|Any CPU.Build.0 = Release|Any CPU
		{5480D226-6584-4518-BD47-82543E589B74}.Debug|Any CPU.ActiveCfg = Debug|Any CPU
		{5480D226-6584-4518-BD47-82543E589B74}.Debug|Any CPU.Build.0 = Debug|Any CPU
		{5480D226-6584-4518-BD47-82543E589B74}.Release|Any CPU.ActiveCfg = Release|Any CPU
		{5480D226-6584-4518-BD47-82543E589B74}.Release|Any CPU.Build.0 = Release|Any CPU
		{CFD095F2-B2C1-4D2D-A8E1-9923091FD287}.Debug|Any CPU.ActiveCfg = Debug|Any CPU
		{CFD095F2-B2C1-4D2D-A8E1-9923091FD287}.Debug|Any CPU.Build.0 = Debug|Any CPU
		{CFD095F2-B2C1-4D2D-A8E1-9923091FD287}.Release|Any CPU.ActiveCfg = Release|Any CPU
		{CFD095F2-B2C1-4D2D-A8E1-9923091FD287}.Release|Any CPU.Build.0 = Release|Any CPU
		{B99008CC-BB7E-4E50-9227-5932E3CB2E59}.Debug|Any CPU.ActiveCfg = Debug|Any CPU
		{B99008CC-BB7E-4E50-9227-5932E3CB2E59}.Debug|Any CPU.Build.0 = Debug|Any CPU
		{B99008CC-BB7E-4E50-9227-5932E3CB2E59}.Release|Any CPU.ActiveCfg = Release|Any CPU
		{B99008CC-BB7E-4E50-9227-5932E3CB2E59}.Release|Any CPU.Build.0 = Release|Any CPU
	EndGlobalSection
	GlobalSection(SolutionProperties) = preSolution
		HideSolutionNode = FALSE
	EndGlobalSection
	GlobalSection(ExtensibilityGlobals) = postSolution
		SolutionGuid = {52E5B2E3-1418-4E15-969E-96DF3CBFD49E}
	EndGlobalSection
EndGlobal
